
Microsoft Visual Studio Solution File, Format Version 12.00
# Visual Studio Version 16
VisualStudioVersion = 16.0.31019.35
MinimumVisualStudioVersion = 10.0.40219.1
Project("{8BC9CEB8-8B4A-11D0-8D11-00A0C91BC942}") = "HW10_Threaded_Simulations", "HW10_Threaded_Simulations\HW10_Threaded_Simulations.vcxproj", "{0797B6B1-C3E3-4A9B-8C23-5DEB634C365A}"
EndProject
Global
	GlobalSection(SolutionConfigurationPlatforms) = preSolution
		Debug|x64 = Debug|x64
		Debug|x86 = Debug|x86
		Release|x64 = Release|x64
		Release|x86 = Release|x86
	EndGlobalSection
	GlobalSection(ProjectConfigurationPlatforms) = postSolution
		{0797B6B1-C3E3-4A9B-8C23-5DEB634C365A}.Debug|x64.ActiveCfg = Debug|x64
		{0797B6B1-C3E3-4A9B-8C23-5DEB634C365A}.Debug|x64.Build.0 = Debug|x64
		{0797B6B1-C3E3-4A9B-8C23-5DEB634C365A}.Debug|x86.ActiveCfg = Debug|Win32
		{0797B6B1-C3E3-4A9B-8C23-5DEB634C365A}.Debug|x86.Build.0 = Debug|Win32
		{0797B6B1-C3E3-4A9B-8C23-5DEB634C365A}.Release|x64.ActiveCfg = Release|x64
		{0797B6B1-C3E3-4A9B-8C23-5DEB634C365A}.Release|x64.Build.0 = Release|x64
		{0797B6B1-C3E3-4A9B-8C23-5DEB634C365A}.Release|x86.ActiveCfg = Release|Win32
		{0797B6B1-C3E3-4A9B-8C23-5DEB634C365A}.Release|x86.Build.0 = Release|Win32
	EndGlobalSection
	GlobalSection(SolutionProperties) = preSolution
		HideSolutionNode = FALSE
	EndGlobalSection
	GlobalSection(ExtensibilityGlobals) = postSolution
		SolutionGuid = {00AF7A53-ABB8-4172-8CC9-273C73D523DE}
	EndGlobalSection
EndGlobal
